
Microsoft Visual Studio Solution File, Format Version 11.00
# Visual Studio 2010
Project("{FAE04EC0-301F-11D3-BF4B-00C04F79EFBC}") = "Break_Dance", "Assembly-CSharp.csproj", "{2936372D-D36C-FECB-5814-78591B5E099F}"
EndProject
Project("{FAE04EC0-301F-11D3-BF4B-00C04F79EFBC}") = "Break_Dance", "Assembly-CSharp-Editor.csproj", "{8EAA928D-269A-1B4F-7AFD-14C5F5168AC7}"
EndProject
Global
	GlobalSection(SolutionConfigurationPlatforms) = preSolution
		Debug|Any CPU = Debug|Any CPU
		Release|Any CPU = Release|Any CPU
	EndGlobalSection
	GlobalSection(ProjectConfigurationPlatforms) = postSolution
		{2936372D-D36C-FECB-5814-78591B5E099F}.Debug|Any CPU.ActiveCfg = Debug|Any CPU
		{2936372D-D36C-FECB-5814-78591B5E099F}.Debug|Any CPU.Build.0 = Debug|Any CPU
		{2936372D-D36C-FECB-5814-78591B5E099F}.Release|Any CPU.ActiveCfg = Release|Any CPU
		{2936372D-D36C-FECB-5814-78591B5E099F}.Release|Any CPU.Build.0 = Release|Any CPU
		{8EAA928D-269A-1B4F-7AFD-14C5F5168AC7}.Debug|Any CPU.ActiveCfg = Debug|Any CPU
		{8EAA928D-269A-1B4F-7AFD-14C5F5168AC7}.Debug|Any CPU.Build.0 = Debug|Any CPU
		{8EAA928D-269A-1B4F-7AFD-14C5F5168AC7}.Release|Any CPU.ActiveCfg = Release|Any CPU
		{8EAA928D-269A-1B4F-7AFD-14C5F5168AC7}.Release|Any CPU.Build.0 = Release|Any CPU
	EndGlobalSection
	GlobalSection(SolutionProperties) = preSolution
		HideSolutionNode = FALSE
	EndGlobalSection
	GlobalSection(MonoDevelopProperties) = preSolution
		StartupItem = Assembly-CSharp.csproj
	EndGlobalSection
EndGlobal
