
Microsoft Visual Studio Solution File, Format Version 12.00
# Visual Studio for Mac
Project("{FAE04EC0-301F-11D3-BF4B-00C04F79EFBC}") = "Break_Dance", "Break_Dance.csproj", "{38C354FE-3460-81B6-C5E4-46B1E0D89DBC}"
EndProject
Project("{FAE04EC0-301F-11D3-BF4B-00C04F79EFBC}") = "Break_Dance.Editor", "Break_Dance.Editor.csproj", "{562D4900-3877-5332-0EBD-3D3FB15C88D7}"
EndProject
Global
	GlobalSection(SolutionConfigurationPlatforms) = preSolution
		Debug|Any CPU = Debug|Any CPU
		Release|Any CPU = Release|Any CPU
	EndGlobalSection
	GlobalSection(ProjectConfigurationPlatforms) = postSolution
		{38C354FE-3460-81B6-C5E4-46B1E0D89DBC}.Debug|Any CPU.ActiveCfg = Debug|Any CPU
		{38C354FE-3460-81B6-C5E4-46B1E0D89DBC}.Debug|Any CPU.Build.0 = Debug|Any CPU
		{38C354FE-3460-81B6-C5E4-46B1E0D89DBC}.Release|Any CPU.ActiveCfg = Release|Any CPU
		{38C354FE-3460-81B6-C5E4-46B1E0D89DBC}.Release|Any CPU.Build.0 = Release|Any CPU
		{562D4900-3877-5332-0EBD-3D3FB15C88D7}.Debug|Any CPU.ActiveCfg = Debug|Any CPU
		{562D4900-3877-5332-0EBD-3D3FB15C88D7}.Debug|Any CPU.Build.0 = Debug|Any CPU
		{562D4900-3877-5332-0EBD-3D3FB15C88D7}.Release|Any CPU.ActiveCfg = Release|Any CPU
		{562D4900-3877-5332-0EBD-3D3FB15C88D7}.Release|Any CPU.Build.0 = Release|Any CPU
	EndGlobalSection
	GlobalSection(SolutionProperties) = preSolution
		HideSolutionNode = FALSE
	EndGlobalSection
EndGlobal
